
Microsoft Visual Studio Solution File, Format Version 12.00
# Visual Studio Version 16
VisualStudioVersion = 16.0.34114.132
MinimumVisualStudioVersion = 10.0.40219.1
Project("{FAE04EC0-301F-11D3-BF4B-00C04F79EFBC}") = "PortfolioProject", "PortfolioProject\PortfolioProject.csproj", "{9AD968EE-6F64-430D-AF72-43E731851101}"
EndProject
Global
	GlobalSection(SolutionConfigurationPlatforms) = preSolution
		Debug|Any CPU = Debug|Any CPU
		Release|Any CPU = Release|Any CPU
	EndGlobalSection
	GlobalSection(ProjectConfigurationPlatforms) = postSolution
		{9AD968EE-6F64-430D-AF72-43E731851101}.Debug|Any CPU.ActiveCfg = Debug|Any CPU
		{9AD968EE-6F64-430D-AF72-43E731851101}.Debug|Any CPU.Build.0 = Debug|Any CPU
		{9AD968EE-6F64-430D-AF72-43E731851101}.Release|Any CPU.ActiveCfg = Release|Any CPU
		{9AD968EE-6F64-430D-AF72-43E731851101}.Release|Any CPU.Build.0 = Release|Any CPU
	EndGlobalSection
	GlobalSection(SolutionProperties) = preSolution
		HideSolutionNode = FALSE
	EndGlobalSection
	GlobalSection(ExtensibilityGlobals) = postSolution
		SolutionGuid = {3B4448D9-0FAD-4018-86B5-D6B47935BCEE}
	EndGlobalSection
EndGlobal
